
Microsoft Visual Studio Solution File, Format Version 12.00
# Visual Studio Version 17
VisualStudioVersion = 17.1.32210.238
MinimumVisualStudioVersion = 10.0.40219.1
Project("{9A19103F-16F7-4668-BE54-9A1E7A4F7556}") = "DotNet_Sample", "DotNet_Sample\DotNet_Sample.csproj", "{21BE48F9-A37C-4C96-9B79-242185A05269}"
EndProject
Project("{9A19103F-16F7-4668-BE54-9A1E7A4F7556}") = "DotNet_Sample.Test", "DotNet_Sample.Test\DotNet_Sample.Test.csproj", "{45FE0097-EFC5-4DCF-AFD1-0F68D71643FB}"
EndProject
Global
	GlobalSection(SolutionConfigurationPlatforms) = preSolution
		Debug|Any CPU = Debug|Any CPU
		Release|Any CPU = Release|Any CPU
	EndGlobalSection
	GlobalSection(ProjectConfigurationPlatforms) = postSolution
		{21BE48F9-A37C-4C96-9B79-242185A05269}.Debug|Any CPU.ActiveCfg = Debug|Any CPU
		{21BE48F9-A37C-4C96-9B79-242185A05269}.Debug|Any CPU.Build.0 = Debug|Any CPU
		{21BE48F9-A37C-4C96-9B79-242185A05269}.Release|Any CPU.ActiveCfg = Release|Any CPU
		{21BE48F9-A37C-4C96-9B79-242185A05269}.Release|Any CPU.Build.0 = Release|Any CPU
		{45FE0097-EFC5-4DCF-AFD1-0F68D71643FB}.Debug|Any CPU.ActiveCfg = Debug|Any CPU
		{45FE0097-EFC5-4DCF-AFD1-0F68D71643FB}.Debug|Any CPU.Build.0 = Debug|Any CPU
		{45FE0097-EFC5-4DCF-AFD1-0F68D71643FB}.Release|Any CPU.ActiveCfg = Release|Any CPU
		{45FE0097-EFC5-4DCF-AFD1-0F68D71643FB}.Release|Any CPU.Build.0 = Release|Any CPU
	EndGlobalSection
	GlobalSection(SolutionProperties) = preSolution
		HideSolutionNode = FALSE
	EndGlobalSection
	GlobalSection(ExtensibilityGlobals) = postSolution
		SolutionGuid = {57BF8206-98D9-4626-92CF-E92AFB9223CF}
	EndGlobalSection
EndGlobal
